// !$*UTF8*$!
{
	archiveVersion = 1;
	classes = {
	};
	objectVersion = 46;
	objects = {

/* Begin PBXBuildFile section */
		38056E341EF4D48000EB067F /* LibroBusquedaController.swift in Sources */ = {isa = PBXBuildFile; fileRef = 38056E331EF4D48000EB067F /* LibroBusquedaController.swift */; };
		38056E361EF4D5F100EB067F /* ListadoLibrosController.swift in Sources */ = {isa = PBXBuildFile; fileRef = 38056E351EF4D5F100EB067F /* ListadoLibrosController.swift */; };
		38056E381EF4D61200EB067F /* LibroDetalleController.swift in Sources */ = {isa = PBXBuildFile; fileRef = 38056E371EF4D61200EB067F /* LibroDetalleController.swift */; };
		38056E3A1EF4EE0000EB067F /* Reachability.swift in Sources */ = {isa = PBXBuildFile; fileRef = 38056E391EF4EE0000EB067F /* Reachability.swift */; };
		38E0919A1EF4CE9000661D1D /* AppDelegate.swift in Sources */ = {isa = PBXBuildFile; fileRef = 38E091991EF4CE9000661D1D /* AppDelegate.swift */; };
		38E0919D1EF4CE9000661D1D /* BuscadorLibrosTablas.xcdatamodeld in Sources */ = {isa = PBXBuildFile; fileRef = 38E0919B1EF4CE9000661D1D /* BuscadorLibrosTablas.xcdatamodeld */; };
		38E091A41EF4CE9000661D1D /* Main.storyboard in Resources */ = {isa = PBXBuildFile; fileRef = 38E091A21EF4CE9000661D1D /* Main.storyboard */; };
		38E091A61EF4CE9000661D1D /* Assets.xcassets in Resources */ = {isa = PBXBuildFile; fileRef = 38E091A51EF4CE9000661D1D /* Assets.xcassets */; };
		38E091A91EF4CE9000661D1D /* LaunchScreen.storyboard in Resources */ = {isa = PBXBuildFile; fileRef = 38E091A71EF4CE9000661D1D /* LaunchScreen.storyboard */; };
		38E091B11EF4D3AB00661D1D /* Libro.swift in Sources */ = {isa = PBXBuildFile; fileRef = 38E091B01EF4D3AB00661D1D /* Libro.swift */; };
/* End PBXBuildFile section */

/* Begin PBXFileReference section */
		38056E331EF4D48000EB067F /* LibroBusquedaController.swift */ = {isa = PBXFileReference; fileEncoding = 4; lastKnownFileType = sourcecode.swift; path = LibroBusquedaController.swift; sourceTree = "<group>"; };
		38056E351EF4D5F100EB067F /* ListadoLibrosController.swift */ = {isa = PBXFileReference; fileEncoding = 4; lastKnownFileType = sourcecode.swift; path = ListadoLibrosController.swift; sourceTree = "<group>"; };
		38056E371EF4D61200EB067F /* LibroDetalleController.swift */ = {isa = PBXFileReference; fileEncoding = 4; lastKnownFileType = sourcecode.swift; path = LibroDetalleController.swift; sourceTree = "<group>"; };
		38056E391EF4EE0000EB067F /* Reachability.swift */ = {isa = PBXFileReference; fileEncoding = 4; lastKnownFileType = sourcecode.swift; path = Reachability.swift; sourceTree = "<group>"; };
		38E091961EF4CE9000661D1D /* BuscadorLibrosTablas.app */ = {isa = PBXFileReference; explicitFileType = wrapper.application; includeInIndex = 0; path = BuscadorLibrosTablas.app; sourceTree = BUILT_PRODUCTS_DIR; };
		38E091991EF4CE9000661D1D /* AppDelegate.swift */ = {isa = PBXFileReference; lastKnownFileType = sourcecode.swift; path = AppDelegate.swift; sourceTree = "<group>"; };
		38E0919C1EF4CE9000661D1D /* BuscadorLibrosTablas.xcdatamodel */ = {isa = PBXFileReference; lastKnownFileType = wrapper.xcdatamodel; path = BuscadorLibrosTablas.xcdatamodel; sourceTree = "<group>"; };
		38E091A31EF4CE9000661D1D /* Base */ = {isa = PBXFileReference; lastKnownFileType = file.storyboard; name = Base; path = Base.lproj/Main.storyboard; sourceTree = "<group>"; };
		38E091A51EF4CE9000661D1D /* Assets.xcassets */ = {isa = PBXFileReference; lastKnownFileType = folder.assetcatalog; path = Assets.xcassets; sourceTree = "<group>"; };
		38E091A81EF4CE9000661D1D /* Base */ = {isa = PBXFileReference; lastKnownFileType = file.storyboard; name = Base; path = Base.lproj/LaunchScreen.storyboard; sourceTree = "<group>"; };
		38E091AA1EF4CE9000661D1D /* Info.plist */ = {isa = PBXFileReference; lastKnownFileType = text.plist.xml; path = Info.plist; sourceTree = "<group>"; };
		38E091B01EF4D3AB00661D1D /* Libro.swift */ = {isa = PBXFileReference; fileEncoding = 4; lastKnownFileType = sourcecode.swift; path = Libro.swift; sourceTree = "<group>"; };
/* End PBXFileReference section */

/* Begin PBXFrameworksBuildPhase section */
		38E091931EF4CE9000661D1D /* Frameworks */ = {
			isa = PBXFrameworksBuildPhase;
			buildActionMask = 2147483647;
			files = (
			);
			runOnlyForDeploymentPostprocessing = 0;
		};
/* End PBXFrameworksBuildPhase section */

/* Begin PBXGroup section */
		38E0918D1EF4CE9000661D1D = {
			isa = PBXGroup;
			children = (
				38E091981EF4CE9000661D1D /* BuscadorLibrosTablas */,
				38E091971EF4CE9000661D1D /* Products */,
			);
			sourceTree = "<group>";
		};
		38E091971EF4CE9000661D1D /* Products */ = {
			isa = PBXGroup;
			children = (
				38E091961EF4CE9000661D1D /* BuscadorLibrosTablas.app */,
			);
			name = Products;
			sourceTree = "<group>";
		};
		38E091981EF4CE9000661D1D /* BuscadorLibrosTablas */ = {
			isa = PBXGroup;
			children = (
				38E091991EF4CE9000661D1D /* AppDelegate.swift */,
				38E091A21EF4CE9000661D1D /* Main.storyboard */,
				38E091A51EF4CE9000661D1D /* Assets.xcassets */,
				38E091A71EF4CE9000661D1D /* LaunchScreen.storyboard */,
				38E091AA1EF4CE9000661D1D /* Info.plist */,
				38E0919B1EF4CE9000661D1D /* BuscadorLibrosTablas.xcdatamodeld */,
				38E091B01EF4D3AB00661D1D /* Libro.swift */,
				38056E331EF4D48000EB067F /* LibroBusquedaController.swift */,
				38056E351EF4D5F100EB067F /* ListadoLibrosController.swift */,
				38056E371EF4D61200EB067F /* LibroDetalleController.swift */,
				38056E391EF4EE0000EB067F /* Reachability.swift */,
			);
			path = BuscadorLibrosTablas;
			sourceTree = "<group>";
		};
/* End PBXGroup section */

/* Begin PBXNativeTarget section */
		38E091951EF4CE9000661D1D /* BuscadorLibrosTablas */ = {
			isa = PBXNativeTarget;
			buildConfigurationList = 38E091AD1EF4CE9000661D1D /* Build configuration list for PBXNativeTarget "BuscadorLibrosTablas" */;
			buildPhases = (
				38E091921EF4CE9000661D1D /* Sources */,
				38E091931EF4CE9000661D1D /* Frameworks */,
				38E091941EF4CE9000661D1D /* Resources */,
			);
			buildRules = (
			);
			dependencies = (
			);
			name = BuscadorLibrosTablas;
			productName = BuscadorLibrosTablas;
			productReference = 38E091961EF4CE9000661D1D /* BuscadorLibrosTablas.app */;
			productType = "com.apple.product-type.application";
		};
/* End PBXNativeTarget section */

/* Begin PBXProject section */
		38E0918E1EF4CE9000661D1D /* Project object */ = {
			isa = PBXProject;
			attributes = {
				LastSwiftUpdateCheck = 0830;
				LastUpgradeCheck = 0830;
				ORGANIZATIONNAME = "Ulises Ramirez";
				TargetAttributes = {
					38E091951EF4CE9000661D1D = {
						CreatedOnToolsVersion = 8.3.3;
						ProvisioningStyle = Automatic;
					};
				};
			};
			buildConfigurationList = 38E091911EF4CE9000661D1D /* Build configuration list for PBXProject "BuscadorLibrosTablas" */;
			compatibilityVersion = "Xcode 3.2";
			developmentRegion = English;
			hasScannedForEncodings = 0;
			knownRegions = (
				en,
				Base,
			);
			mainGroup = 38E0918D1EF4CE9000661D1D;
			productRefGroup = 38E091971EF4CE9000661D1D /* Products */;
			projectDirPath = "";
			projectRoot = "";
			targets = (
				38E091951EF4CE9000661D1D /* BuscadorLibrosTablas */,
			);
		};
/* End PBXProject section */

/* Begin PBXResourcesBuildPhase section */
		38E091941EF4CE9000661D1D /* Resources */ = {
			isa = PBXResourcesBuildPhase;
			buildActionMask = 2147483647;
			files = (
				38E091A91EF4CE9000661D1D /* LaunchScreen.storyboard in Resources */,
				38E091A61EF4CE9000661D1D /* Assets.xcassets in Resources */,
				38E091A41EF4CE9000661D1D /* Main.storyboard in Resources */,
			);
			runOnlyForDeploymentPostprocessing = 0;
		};
/* End PBXResourcesBuildPhase section */

/* Begin PBXSourcesBuildPhase section */
		38E091921EF4CE9000661D1D /* Sources */ = {
			isa = PBXSourcesBuildPhase;
			buildActionMask = 2147483647;
			files = (
				38056E3A1EF4EE0000EB067F /* Reachability.swift in Sources */,
				38056E381EF4D61200EB067F /* LibroDetalleController.swift in Sources */,
				38E091B11EF4D3AB00661D1D /* Libro.swift in Sources */,
				38E0919D1EF4CE9000661D1D /* BuscadorLibrosTablas.xcdatamodeld in Sources */,
				38056E341EF4D48000EB067F /* LibroBusquedaController.swift in Sources */,
				38056E361EF4D5F100EB067F /* ListadoLibrosController.swift in Sources */,
				38E0919A1EF4CE9000661D1D /* AppDelegate.swift in Sources */,
			);
			runOnlyForDeploymentPostprocessing = 0;
		};
/* End PBXSourcesBuildPhase section */

/* Begin PBXVariantGroup section */
		38E091A21EF4CE9000661D1D /* Main.storyboard */ = {
			isa = PBXVariantGroup;
			children = (
				38E091A31EF4CE9000661D1D /* Base */,
			);
			name = Main.storyboard;
			sourceTree = "<group>";
		};
		38E091A71EF4CE9000661D1D /* LaunchScreen.storyboard */ = {
			isa = PBXVariantGroup;
			children = (
				38E091A81EF4CE9000661D1D /* Base */,
			);
			name = LaunchScreen.storyboard;
			sourceTree = "<group>";
		};
/* End PBXVariantGroup section */

/* Begin XCBuildConfiguration section */
		38E091AB1EF4CE9000661D1D /* Debug */ = {
			isa = XCBuildConfiguration;
			buildSettings = {
				ALWAYS_SEARCH_USER_PATHS = NO;
				CLANG_ANALYZER_NONNULL = YES;
				CLANG_ANALYZER_NUMBER_OBJECT_CONVERSION = YES_AGGRESSIVE;
				CLANG_CXX_LANGUAGE_STANDARD = "gnu++0x";
				CLANG_CXX_LIBRARY = "libc++";
				CLANG_ENABLE_MODULES = YES;
				CLANG_ENABLE_OBJC_ARC = YES;
				CLANG_WARN_BOOL_CONVERSION = YES;
				CLANG_WARN_CONSTANT_CONVERSION = YES;
				CLANG_WARN_DIRECT_OBJC_ISA_USAGE = YES_ERROR;
				CLANG_WARN_DOCUMENTATION_COMMENTS = YES;
				CLANG_WARN_EMPTY_BODY = YES;
				CLANG_WARN_ENUM_CONVERSION = YES;
				CLANG_WARN_INFINITE_RECURSION = YES;
				CLANG_WARN_INT_CONVERSION = YES;
				CLANG_WARN_OBJC_ROOT_CLASS = YES_ERROR;
				CLANG_WARN_SUSPICIOUS_MOVE = YES;
				CLANG_WARN_UNREACHABLE_CODE = YES;
				CLANG_WARN__DUPLICATE_METHOD_MATCH = YES;
				"CODE_SIGN_IDENTITY[sdk=iphoneos*]" = "iPhone Developer";
				COPY_PHASE_STRIP = NO;
				DEBUG_INFORMATION_FORMAT = dwarf;
				ENABLE_STRICT_OBJC_MSGSEND = YES;
				ENABLE_TESTABILITY = YES;
				GCC_C_LANGUAGE_STANDARD = gnu99;
				GCC_DYNAMIC_NO_PIC = NO;
				GCC_NO_COMMON_BLOCKS = YES;
				GCC_OPTIMIZATION_LEVEL = 0;
				GCC_PREPROCESSOR_DEFINITIONS = (
					"DEBUG=1",
					"$(inherited)",
				);
				GCC_WARN_64_TO_32_BIT_CONVERSION = YES;
				GCC_WARN_ABOUT_RETURN_TYPE = YES_ERROR;
				GCC_WARN_UNDECLARED_SELECTOR = YES;
				GCC_WARN_UNINITIALIZED_AUTOS = YES_AGGRESSIVE;
				GCC_WARN_UNUSED_FUNCTION = YES;
				GCC_WARN_UNUSED_VARIABLE = YES;
				IPHONEOS_DEPLOYMENT_TARGET = 10.3;
				MTL_ENABLE_DEBUG_INFO = YES;
				ONLY_ACTIVE_ARCH = YES;
				SDKROOT = iphoneos;
				SWIFT_ACTIVE_COMPILATION_CONDITIONS = DEBUG;
				SWIFT_OPTIMIZATION_LEVEL = "-Onone";
			};
			name = Debug;
		};
		38E091AC1EF4CE9000661D1D /* Release */ = {
			isa = XCBuildConfiguration;
			buildSettings = {
				ALWAYS_SEARCH_USER_PATHS = NO;
				CLANG_ANALYZER_NONNULL = YES;
				CLANG_ANALYZER_NUMBER_OBJECT_CONVERSION = YES_AGGRESSIVE;
				CLANG_CXX_LANGUAGE_STANDARD = "gnu++0x";
				CLANG_CXX_LIBRARY = "libc++";
				CLANG_ENABLE_MODULES = YES;
				CLANG_ENABLE_OBJC_ARC = YES;
				CLANG_WARN_BOOL_CONVERSION = YES;
				CLANG_WARN_CONSTANT_CONVERSION = YES;
				CLANG_WARN_DIRECT_OBJC_ISA_USAGE = YES_ERROR;
				CLANG_WARN_DOCUMENTATION_COMMENTS = YES;
				CLANG_WARN_EMPTY_BODY = YES;
				CLANG_WARN_ENUM_CONVERSION = YES;
				CLANG_WARN_INFINITE_RECURSION = YES;
				CLANG_WARN_INT_CONVERSION = YES;
				CLANG_WARN_OBJC_ROOT_CLASS = YES_ERROR;
				CLANG_WARN_SUSPICIOUS_MOVE = YES;
				CLANG_WARN_UNREACHABLE_CODE = YES;
				CLANG_WARN__DUPLICATE_METHOD_MATCH = YES;
				"CODE_SIGN_IDENTITY[sdk=iphoneos*]" = "iPhone Developer";
				COPY_PHASE_STRIP = NO;
				DEBUG_INFORMATION_FORMAT = "dwarf-with-dsym";
				ENABLE_NS_ASSERTIONS = NO;
				ENABLE_STRICT_OBJC_MSGSEND = YES;
				GCC_C_LANGUAGE_STANDARD = gnu99;
				GCC_NO_COMMON_BLOCKS = YES;
				GCC_WARN_64_TO_32_BIT_CONVERSION = YES;
				GCC_WARN_ABOUT_RETURN_TYPE = YES_ERROR;
				GCC_WARN_UNDECLARED_SELECTOR = YES;
				GCC_WARN_UNINITIALIZED_AUTOS = YES_AGGRESSIVE;
				GCC_WARN_UNUSED_FUNCTION = YES;
				GCC_WARN_UNUSED_VARIABLE = YES;
				IPHONEOS_DEPLOYMENT_TARGET = 10.3;
				MTL_ENABLE_DEBUG_INFO = NO;
				SDKROOT = iphoneos;
				SWIFT_OPTIMIZATION_LEVEL = "-Owholemodule";
				VALIDATE_PRODUCT = YES;
			};
			name = Release;
		};
		38E091AE1EF4CE9000661D1D /* Debug */ = {
			isa = XCBuildConfiguration;
			buildSettings = {
				ASSETCATALOG_COMPILER_APPICON_NAME = AppIcon;
				INFOPLIST_FILE = BuscadorLibrosTablas/Info.plist;
				LD_RUNPATH_SEARCH_PATHS = "$(inherited) @executable_path/Frameworks";
				PRODUCT_BUNDLE_IDENTIFIER = ulises.BuscadorLibrosTablas;
				PRODUCT_NAME = "$(TARGET_NAME)";
				SWIFT_VERSION = 3.0;
			};
			name = Debug;
		};
		38E091AF1EF4CE9000661D1D /* Release */ = {
			isa = XCBuildConfiguration;
			buildSettings = {
				ASSETCATALOG_COMPILER_APPICON_NAME = AppIcon;
				INFOPLIST_FILE = BuscadorLibrosTablas/Info.plist;
				LD_RUNPATH_SEARCH_PATHS = "$(inherited) @executable_path/Frameworks";
				PRODUCT_BUNDLE_IDENTIFIER = ulises.BuscadorLibrosTablas;
				PRODUCT_NAME = "$(TARGET_NAME)";
				SWIFT_VERSION = 3.0;
			};
			name = Release;
		};
/* End XCBuildConfiguration section */

/* Begin XCConfigurationList section */
		38E091911EF4CE9000661D1D /* Build configuration list for PBXProject "BuscadorLibrosTablas" */ = {
			isa = XCConfigurationList;
			buildConfigurations = (
				38E091AB1EF4CE9000661D1D /* Debug */,
				38E091AC1EF4CE9000661D1D /* Release */,
			);
			defaultConfigurationIsVisible = 0;
			defaultConfigurationName = Release;
		};
		38E091AD1EF4CE9000661D1D /* Build configuration list for PBXNativeTarget "BuscadorLibrosTablas" */ = {
			isa = XCConfigurationList;
			buildConfigurations = (
				38E091AE1EF4CE9000661D1D /* Debug */,
				38E091AF1EF4CE9000661D1D /* Release */,
			);
			defaultConfigurationIsVisible = 0;
			defaultConfigurationName = Release;
		};
/* End XCConfigurationList section */

/* Begin XCVersionGroup section */
		38E0919B1EF4CE9000661D1D /* BuscadorLibrosTablas.xcdatamodeld */ = {
			isa = XCVersionGroup;
			children = (
				38E0919C1EF4CE9000661D1D /* BuscadorLibrosTablas.xcdatamodel */,
			);
			currentVersion = 38E0919C1EF4CE9000661D1D /* BuscadorLibrosTablas.xcdatamodel */;
			path = BuscadorLibrosTablas.xcdatamodeld;
			sourceTree = "<group>";
			versionGroupType = wrapper.xcdatamodel;
		};
/* End XCVersionGroup section */
	};
	rootObject = 38E0918E1EF4CE9000661D1D /* Project object */;
}
